
Microsoft Visual Studio Solution File, Format Version 12.00
# Visual Studio Version 16
VisualStudioVersion = 16.0.30804.86
MinimumVisualStudioVersion = 10.0.40219.1
Project("{9A19103F-16F7-4668-BE54-9A1E7A4F7556}") = "eShop.Shop", "eShop.Shop\eShop.Shop.csproj", "{A2CA8003-182E-442E-BE3B-644A67354358}"
EndProject
Project("{FAE04EC0-301F-11D3-BF4B-00C04F79EFBC}") = "eShop.Carrier", "eShop.Carrier\eShop.Carrier.csproj", "{B5931BAA-C68B-47B1-B310-A70FD8493D31}"
EndProject
Project("{FAE04EC0-301F-11D3-BF4B-00C04F79EFBC}") = "eShop.Lib", "eShop.Lib\eShop.Lib.csproj", "{E36C80D4-AC32-4250-A87F-342FE0AEC97C}"
EndProject
Project("{2150E333-8FDC-42A3-9474-1A3956D46DE8}") = "Apps", "Apps", "{27A3FC67-3A67-4735-A1BE-E92AC9ABF891}"
EndProject
Global
	GlobalSection(SolutionConfigurationPlatforms) = preSolution
		Debug|Any CPU = Debug|Any CPU
		Release|Any CPU = Release|Any CPU
	EndGlobalSection
	GlobalSection(ProjectConfigurationPlatforms) = postSolution
		{A2CA8003-182E-442E-BE3B-644A67354358}.Debug|Any CPU.ActiveCfg = Debug|Any CPU
		{A2CA8003-182E-442E-BE3B-644A67354358}.Debug|Any CPU.Build.0 = Debug|Any CPU
		{A2CA8003-182E-442E-BE3B-644A67354358}.Release|Any CPU.ActiveCfg = Release|Any CPU
		{A2CA8003-182E-442E-BE3B-644A67354358}.Release|Any CPU.Build.0 = Release|Any CPU
		{B5931BAA-C68B-47B1-B310-A70FD8493D31}.Debug|Any CPU.ActiveCfg = Debug|Any CPU
		{B5931BAA-C68B-47B1-B310-A70FD8493D31}.Debug|Any CPU.Build.0 = Debug|Any CPU
		{B5931BAA-C68B-47B1-B310-A70FD8493D31}.Release|Any CPU.ActiveCfg = Release|Any CPU
		{B5931BAA-C68B-47B1-B310-A70FD8493D31}.Release|Any CPU.Build.0 = Release|Any CPU
		{E36C80D4-AC32-4250-A87F-342FE0AEC97C}.Debug|Any CPU.ActiveCfg = Debug|Any CPU
		{E36C80D4-AC32-4250-A87F-342FE0AEC97C}.Debug|Any CPU.Build.0 = Debug|Any CPU
		{E36C80D4-AC32-4250-A87F-342FE0AEC97C}.Release|Any CPU.ActiveCfg = Release|Any CPU
		{E36C80D4-AC32-4250-A87F-342FE0AEC97C}.Release|Any CPU.Build.0 = Release|Any CPU
	EndGlobalSection
	GlobalSection(SolutionProperties) = preSolution
		HideSolutionNode = FALSE
	EndGlobalSection
	GlobalSection(NestedProjects) = preSolution
		{A2CA8003-182E-442E-BE3B-644A67354358} = {27A3FC67-3A67-4735-A1BE-E92AC9ABF891}
		{B5931BAA-C68B-47B1-B310-A70FD8493D31} = {27A3FC67-3A67-4735-A1BE-E92AC9ABF891}
	EndGlobalSection
	GlobalSection(ExtensibilityGlobals) = postSolution
		SolutionGuid = {E64AFCDF-D2F9-43C6-97D3-3598236F6587}
	EndGlobalSection
EndGlobal
